
Microsoft Visual Studio Solution File, Format Version 12.00
# Visual Studio Version 17
VisualStudioVersion = 17.5.33530.505
MinimumVisualStudioVersion = 10.0.40219.1
Project("{FAE04EC0-301F-11D3-BF4B-00C04F79EFBC}") = "ContactAPI", "ContactAPI\ContactAPI.csproj", "{4F90B93C-6CD8-4C47-A2D1-D32395EFE01B}"
EndProject
Global
	GlobalSection(SolutionConfigurationPlatforms) = preSolution
		Debug|Any CPU = Debug|Any CPU
		Release|Any CPU = Release|Any CPU
	EndGlobalSection
	GlobalSection(ProjectConfigurationPlatforms) = postSolution
		{4F90B93C-6CD8-4C47-A2D1-D32395EFE01B}.Debug|Any CPU.ActiveCfg = Debug|Any CPU
		{4F90B93C-6CD8-4C47-A2D1-D32395EFE01B}.Debug|Any CPU.Build.0 = Debug|Any CPU
		{4F90B93C-6CD8-4C47-A2D1-D32395EFE01B}.Release|Any CPU.ActiveCfg = Release|Any CPU
		{4F90B93C-6CD8-4C47-A2D1-D32395EFE01B}.Release|Any CPU.Build.0 = Release|Any CPU
	EndGlobalSection
	GlobalSection(SolutionProperties) = preSolution
		HideSolutionNode = FALSE
	EndGlobalSection
	GlobalSection(ExtensibilityGlobals) = postSolution
		SolutionGuid = {2ECF4920-D0C2-4AF8-9BF6-D7C43F1B202B}
	EndGlobalSection
EndGlobal
